// !$*UTF8*$!
{
	archiveVersion = 1;
	classes = {};
	objectVersion = 56;
	objects = {
/* Begin PBXBuildFile section */
		B01 = {isa = PBXBuildFile; fileRef = F01; };
		B02 = {isa = PBXBuildFile; fileRef = F02; };
		B03 = {isa = PBXBuildFile; fileRef = F03; };
		B04 = {isa = PBXBuildFile; fileRef = F04; };
		B05 = {isa = PBXBuildFile; fileRef = F05; };
		B06 = {isa = PBXBuildFile; fileRef = F06; };
		B07 = {isa = PBXBuildFile; fileRef = F07; };
		B08 = {isa = PBXBuildFile; fileRef = F08; };
		B09 = {isa = PBXBuildFile; fileRef = F09; };
		BR1 = {isa = PBXBuildFile; fileRef = LOCALIZABLE; };
		BZIP = {isa = PBXBuildFile; productRef = PZIP; };
		TB04 = {isa = PBXBuildFile; fileRef = F04; };
		TB05 = {isa = PBXBuildFile; fileRef = F05; };
		TB06 = {isa = PBXBuildFile; fileRef = F06; };
		TB07 = {isa = PBXBuildFile; fileRef = F07; };
		TB08 = {isa = PBXBuildFile; fileRef = F08; };
		TB09 = {isa = PBXBuildFile; fileRef = F09; };
		TBE2E = {isa = PBXBuildFile; fileRef = FE2E; };
		TBZIP = {isa = PBXBuildFile; productRef = PZIP; };
/* End PBXBuildFile section */
/* Begin PBXFileReference section */
		F01 = {isa = PBXFileReference; lastKnownFileType = sourcecode.swift; path = SheetMapperApp.swift; sourceTree = "<group>"; };
		F02 = {isa = PBXFileReference; lastKnownFileType = sourcecode.swift; path = ContentView.swift; sourceTree = "<group>"; };
		F03 = {isa = PBXFileReference; lastKnownFileType = sourcecode.swift; path = MapperViewModel.swift; sourceTree = "<group>"; };
		F04 = {isa = PBXFileReference; lastKnownFileType = sourcecode.swift; path = Models.swift; sourceTree = "<group>"; };
		F05 = {isa = PBXFileReference; lastKnownFileType = sourcecode.swift; path = ProcessRunner.swift; sourceTree = "<group>"; };
		F06 = {isa = PBXFileReference; lastKnownFileType = sourcecode.swift; path = XLSXReader.swift; sourceTree = "<group>"; };
		F07 = {isa = PBXFileReference; lastKnownFileType = sourcecode.swift; path = XLSXGenerator.swift; sourceTree = "<group>"; };
		F08 = {isa = PBXFileReference; lastKnownFileType = sourcecode.swift; path = WorkbookConverter.swift; sourceTree = "<group>"; };
		F09 = {isa = PBXFileReference; lastKnownFileType = sourcecode.swift; path = Localization.swift; sourceTree = "<group>"; };
		FE2E = {isa = PBXFileReference; lastKnownFileType = sourcecode.swift; path = EndToEnd.swift; sourceTree = "<group>"; };
		LEN = {isa = PBXFileReference; lastKnownFileType = text.plist.strings; name = en; path = en.lproj/Localizable.strings; sourceTree = "<group>"; };
		LZH = {isa = PBXFileReference; lastKnownFileType = text.plist.strings; name = "zh-Hans"; path = "zh-Hans.lproj/Localizable.strings"; sourceTree = "<group>"; };
		PROD = {isa = PBXFileReference; explicitFileType = wrapper.application; includeInIndex = 0; path = SheetMapper.app; sourceTree = BUILT_PRODUCTS_DIR; };
		TPROD = {isa = PBXFileReference; explicitFileType = "compiled.mach-o.executable"; includeInIndex = 0; path = SheetMapperTests; sourceTree = BUILT_PRODUCTS_DIR; };
/* End PBXFileReference section */
/* Begin PBXVariantGroup section */
		LOCALIZABLE = {isa = PBXVariantGroup; children = (LEN, LZH); name = Localizable.strings; sourceTree = "<group>"; };
/* End PBXVariantGroup section */
/* Begin PBXGroup section */
		ROOT = {isa = PBXGroup; children = (SRCROOT, RESROOT, TESTROOT, PRODUCTS); sourceTree = "<group>"; };
		SRCROOT = {isa = PBXGroup; path = Sources; sourceTree = "<group>"; children = (SRC); };
		SRC = {isa = PBXGroup; path = SheetMapper; sourceTree = "<group>"; children = (F01, F02, F03, F04, F05, F06, F07, F08, F09); };
		RESROOT = {isa = PBXGroup; path = Resources; sourceTree = "<group>"; children = (LOCALIZABLE); };
		TESTROOT = {isa = PBXGroup; path = Tests/SheetMapperTests; sourceTree = "<group>"; children = (FE2E); };
		PRODUCTS = {isa = PBXGroup; name = Products; sourceTree = "<group>"; children = (PROD, TPROD); };
/* End PBXGroup section */
/* Begin PBXFrameworksBuildPhase section */
		FRAMEWORKS = {isa = PBXFrameworksBuildPhase; buildActionMask = 2147483647; files = (BZIP); runOnlyForDeploymentPostprocessing = 0; };
		TFRAMEWORKS = {isa = PBXFrameworksBuildPhase; buildActionMask = 2147483647; files = (TBZIP); runOnlyForDeploymentPostprocessing = 0; };
/* End PBXFrameworksBuildPhase section */
/* Begin PBXNativeTarget section */
		TARGET = {isa = PBXNativeTarget; buildConfigurationList = TARGETCONFIGS; buildPhases = (SOURCES, FRAMEWORKS, RESOURCES); buildRules = (); dependencies = (); name = SheetMapper; packageProductDependencies = (PZIP); productName = SheetMapper; productReference = PROD; productType = "com.apple.product-type.application"; };
		TTEST = {isa = PBXNativeTarget; buildConfigurationList = TESTCONFIGS; buildPhases = (TSOURCES, TFRAMEWORKS); buildRules = (); dependencies = (); name = SheetMapperTests; packageProductDependencies = (PZIP); productName = SheetMapperTests; productReference = TPROD; productType = "com.apple.product-type.tool"; };
/* End PBXNativeTarget section */
/* Begin PBXProject section */
		PROJECT = {isa = PBXProject; attributes = {LastSwiftUpdateCheck = 2600; LastUpgradeCheck = 2600; }; buildConfigurationList = PROJECTCONFIGS; compatibilityVersion = "Xcode 14.0"; developmentRegion = en; hasScannedForEncodings = 0; knownRegions = (en, "zh-Hans", Base); mainGroup = ROOT; packageReferences = (PKG); productRefGroup = PRODUCTS; projectDirPath = ""; projectRoot = ""; targets = (TARGET, TTEST); };
/* End PBXProject section */
/* Begin PBXResourcesBuildPhase section */
		RESOURCES = {isa = PBXResourcesBuildPhase; buildActionMask = 2147483647; files = (BR1); runOnlyForDeploymentPostprocessing = 0; };
/* End PBXResourcesBuildPhase section */
/* Begin PBXSourcesBuildPhase section */
		SOURCES = {isa = PBXSourcesBuildPhase; buildActionMask = 2147483647; files = (B01, B02, B03, B04, B05, B06, B07, B08, B09); runOnlyForDeploymentPostprocessing = 0; };
		TSOURCES = {isa = PBXSourcesBuildPhase; buildActionMask = 2147483647; files = (TB04, TB05, TB06, TB07, TB08, TB09, TBE2E); runOnlyForDeploymentPostprocessing = 0; };
/* End PBXSourcesBuildPhase section */
/* Begin XCBuildConfiguration section */
		PDEBUG = {isa = XCBuildConfiguration; buildSettings = {ALWAYS_SEARCH_USER_PATHS = NO; MACOSX_DEPLOYMENT_TARGET = 13.0; SDKROOT = macosx; }; name = Debug; };
		PRELEASE = {isa = XCBuildConfiguration; buildSettings = {ALWAYS_SEARCH_USER_PATHS = NO; MACOSX_DEPLOYMENT_TARGET = 13.0; SDKROOT = macosx; }; name = Release; };
		TDEBUG = {isa = XCBuildConfiguration; buildSettings = {ARCHS = "arm64 x86_64"; CODE_SIGN_IDENTITY = "-"; CODE_SIGN_STYLE = Manual; COMBINE_HIDPI_IMAGES = YES; CURRENT_PROJECT_VERSION = 1; ENABLE_HARDENED_RUNTIME = YES; ENABLE_USER_SELECTED_FILES = readwrite; GENERATE_INFOPLIST_FILE = YES; INFOPLIST_KEY_CFBundleDisplayName = SheetMapper; INFOPLIST_KEY_LSApplicationCategoryType = "public.app-category.productivity"; MACOSX_DEPLOYMENT_TARGET = 13.0; MARKETING_VERSION = 2.0.0; PRODUCT_BUNDLE_IDENTIFIER = com.sheetmapper.app; PRODUCT_NAME = SheetMapper; SWIFT_EMIT_LOC_STRINGS = YES; SWIFT_VERSION = 5.0; }; name = Debug; };
		TRELEASE = {isa = XCBuildConfiguration; buildSettings = {ARCHS = "arm64 x86_64"; CODE_SIGN_IDENTITY = "-"; CODE_SIGN_STYLE = Manual; COMBINE_HIDPI_IMAGES = YES; CURRENT_PROJECT_VERSION = 1; ENABLE_HARDENED_RUNTIME = YES; ENABLE_USER_SELECTED_FILES = readwrite; GENERATE_INFOPLIST_FILE = YES; INFOPLIST_KEY_CFBundleDisplayName = SheetMapper; INFOPLIST_KEY_LSApplicationCategoryType = "public.app-category.productivity"; MACOSX_DEPLOYMENT_TARGET = 13.0; MARKETING_VERSION = 2.0.0; PRODUCT_BUNDLE_IDENTIFIER = com.sheetmapper.app; PRODUCT_NAME = SheetMapper; SWIFT_OPTIMIZATION_LEVEL = "-O"; SWIFT_VERSION = 5.0; }; name = Release; };
		TTDEBUG = {isa = XCBuildConfiguration; buildSettings = {CODE_SIGNING_ALLOWED = NO; MACOSX_DEPLOYMENT_TARGET = 13.0; PRODUCT_NAME = SheetMapperTests; SWIFT_VERSION = 5.0; }; name = Debug; };
		TTRELEASE = {isa = XCBuildConfiguration; buildSettings = {CODE_SIGNING_ALLOWED = NO; MACOSX_DEPLOYMENT_TARGET = 13.0; PRODUCT_NAME = SheetMapperTests; SWIFT_OPTIMIZATION_LEVEL = "-O"; SWIFT_VERSION = 5.0; }; name = Release; };
/* End XCBuildConfiguration section */
/* Begin XCConfigurationList section */
		PROJECTCONFIGS = {isa = XCConfigurationList; buildConfigurations = (PDEBUG, PRELEASE); defaultConfigurationIsVisible = 0; defaultConfigurationName = Release; };
		TARGETCONFIGS = {isa = XCConfigurationList; buildConfigurations = (TDEBUG, TRELEASE); defaultConfigurationIsVisible = 0; defaultConfigurationName = Release; };
		TESTCONFIGS = {isa = XCConfigurationList; buildConfigurations = (TTDEBUG, TTRELEASE); defaultConfigurationIsVisible = 0; defaultConfigurationName = Release; };
/* End XCConfigurationList section */
/* Begin XCRemoteSwiftPackageReference section */
		PKG = {isa = XCRemoteSwiftPackageReference; repositoryURL = "https://github.com/weichsel/ZIPFoundation.git"; requirement = {kind = upToNextMinorVersion; minimumVersion = 0.9.20; }; };
/* End XCRemoteSwiftPackageReference section */
/* Begin XCSwiftPackageProductDependency section */
		PZIP = {isa = XCSwiftPackageProductDependency; package = PKG; productName = ZIPFoundation; };
/* End XCSwiftPackageProductDependency section */
	};
	rootObject = PROJECT;
}
